
Microsoft Visual Studio Solution File, Format Version 12.00
# Visual Studio Version 16
VisualStudioVersion = 16.0.29201.188
MinimumVisualStudioVersion = 10.0.40219.1
Project("{FAE04EC0-301F-11D3-BF4B-00C04F79EFBC}") = "GenomixDataManager", "GenomixDataManager.csproj", "{927AE75C-7191-4A1F-B2D2-54A6D8932A02}"
EndProject
Global
	GlobalSection(SolutionConfigurationPlatforms) = preSolution
		Debug|Any CPU = Debug|Any CPU
		Release|Any CPU = Release|Any CPU
	EndGlobalSection
	GlobalSection(ProjectConfigurationPlatforms) = postSolution
		{927AE75C-7191-4A1F-B2D2-54A6D8932A02}.Debug|Any CPU.ActiveCfg = Debug|Any CPU
		{927AE75C-7191-4A1F-B2D2-54A6D8932A02}.Debug|Any CPU.Build.0 = Debug|Any CPU
		{927AE75C-7191-4A1F-B2D2-54A6D8932A02}.Release|Any CPU.ActiveCfg = Release|Any CPU
		{927AE75C-7191-4A1F-B2D2-54A6D8932A02}.Release|Any CPU.Build.0 = Release|Any CPU
	EndGlobalSection
	GlobalSection(SolutionProperties) = preSolution
		HideSolutionNode = FALSE
	EndGlobalSection
	GlobalSection(ExtensibilityGlobals) = postSolution
		SolutionGuid = {D09B13C4-6E14-4A01-A4AA-FA8A7833EFF2}
	EndGlobalSection
EndGlobal
